
Microsoft Visual Studio Solution File, Format Version 12.00
# Visual Studio Version 16
VisualStudioVersion = 16.0.30711.63
MinimumVisualStudioVersion = 10.0.40219.1
Project("{FAE04EC0-301F-11D3-BF4B-00C04F79EFBC}") = "№4", "№4\№4.csproj", "{22B3AD7D-2C94-4B05-9963-237A763A6925}"
EndProject
Global
	GlobalSection(SolutionConfigurationPlatforms) = preSolution
		Debug|Any CPU = Debug|Any CPU
		Release|Any CPU = Release|Any CPU
	EndGlobalSection
	GlobalSection(ProjectConfigurationPlatforms) = postSolution
		{22B3AD7D-2C94-4B05-9963-237A763A6925}.Debug|Any CPU.ActiveCfg = Debug|Any CPU
		{22B3AD7D-2C94-4B05-9963-237A763A6925}.Debug|Any CPU.Build.0 = Debug|Any CPU
		{22B3AD7D-2C94-4B05-9963-237A763A6925}.Release|Any CPU.ActiveCfg = Release|Any CPU
		{22B3AD7D-2C94-4B05-9963-237A763A6925}.Release|Any CPU.Build.0 = Release|Any CPU
	EndGlobalSection
	GlobalSection(SolutionProperties) = preSolution
		HideSolutionNode = FALSE
	EndGlobalSection
	GlobalSection(ExtensibilityGlobals) = postSolution
		SolutionGuid = {C580858B-02F5-47E9-A9C0-468F8C249973}
	EndGlobalSection
EndGlobal
